// !$*UTF8*$!
{
	archiveVersion = 1;
	classes = {
	};
	objectVersion = 77;
	objects = {

/* Begin PBXBuildFile section */
		04EB9F6D3720709A03933ADC /* CompleteViewController.m in Sources */ = {isa = PBXBuildFile; fileRef = 4EC0277E2914560FF11F1DFC /* CompleteViewController.m */; };
		1074F902A70CF63F7147099E /* FlutterHost.swift in Sources */ = {isa = PBXBuildFile; fileRef = 3306B788FB338D283C233E55 /* FlutterHost.swift */; };
		108C755D7DC8BB570ACEDBD6 /* BaseViewController.m in Sources */ = {isa = PBXBuildFile; fileRef = 3CD02FF016638479FABF72A4 /* BaseViewController.m */; };
		15E0EF2CFB7772262A5A2CC3 /* FlutterNativeIntegration in Frameworks */ = {isa = PBXBuildFile; productRef = B6003D62DCACF48C9037D1CF /* FlutterNativeIntegration */; };
		249EFC3735BB1FD618F4D9E3 /* ConfirmViewController.m in Sources */ = {isa = PBXBuildFile; fileRef = 7BC58799B13AE5139571F7DB /* ConfirmViewController.m */; };
		3348C475BB51B843F1070287 /* Assets.xcassets in Resources */ = {isa = PBXBuildFile; fileRef = 8F80F83393C68709E87143A2 /* Assets.xcassets */; };
		3B43E73240E57BC4A503FA4B /* MusicViewController.m in Sources */ = {isa = PBXBuildFile; fileRef = 34E440BA2146EDDB8F57CE43 /* MusicViewController.m */; };
		3C55DD5AA2FD25F1344292DC /* FlutterScreenViewController.swift in Sources */ = {isa = PBXBuildFile; fileRef = 10BEBB4A3D098C8856D1613A /* FlutterScreenViewController.swift */; };
		3CB566626EF3E9D24751DEFA /* libsqlite3.tbd in Frameworks */ = {isa = PBXBuildFile; fileRef = A3E9D5301E589408797E65C5 /* libsqlite3.tbd */; };
		3D3FF094F594DAFB52674EC4 /* FavoritesDatabase.m in Sources */ = {isa = PBXBuildFile; fileRef = CB52D3F228D7A62F936F2912 /* FavoritesDatabase.m */; };
		3E789D5B26553A9A87D9F810 /* FavoritesStore.m in Sources */ = {isa = PBXBuildFile; fileRef = BE274618D2AB783AEBC78A57 /* FavoritesStore.m */; };
		425F59F025702BDEEB667273 /* InputViewController.m in Sources */ = {isa = PBXBuildFile; fileRef = 56216691207C58856ED27C3E /* InputViewController.m */; };
		513E617B58E5B5527B636A17 /* TrackTableViewCell.m in Sources */ = {isa = PBXBuildFile; fileRef = 408FE583B6B2AA4BE5C98F22 /* TrackTableViewCell.m */; };
		58025F7CE9BBDF26AEE847A8 /* Localizable.strings in Resources */ = {isa = PBXBuildFile; fileRef = 86C2D4CB20A6DA86CAC2E039 /* Localizable.strings */; };
		594FE13879C612C5FBE43B0F /* NativeRouter.swift in Sources */ = {isa = PBXBuildFile; fileRef = 2EC878EF7B5C684D948D58C5 /* NativeRouter.swift */; };
		59B784FDBD0B5514721D9EF9 /* FormData.m in Sources */ = {isa = PBXBuildFile; fileRef = 14285F0C11DCB60D47700C81 /* FormData.m */; };
		5CF3D60B82590575CE306265 /* TrackDetailViewController.m in Sources */ = {isa = PBXBuildFile; fileRef = 837DC4536FC10DEDA1459852 /* TrackDetailViewController.m */; };
		98C581105D58D2CEF6BE57C8 /* SceneDelegate.m in Sources */ = {isa = PBXBuildFile; fileRef = C0C6D33A39EEA86789ACAEBE /* SceneDelegate.m */; };
		AB5B7EA704BBE74754468F25 /* ArtworkLoader.m in Sources */ = {isa = PBXBuildFile; fileRef = B2C5832CEB3BB8509EA87419 /* ArtworkLoader.m */; };
		DB4F5042976E3091E77E28E4 /* NativeServices.swift in Sources */ = {isa = PBXBuildFile; fileRef = FC012CFE9773892EC1D434F1 /* NativeServices.swift */; };
		DB675B883D9FD91CA1F162BA /* ItunesTrack.m in Sources */ = {isa = PBXBuildFile; fileRef = C9D7C187CFD933BFA4DF71E0 /* ItunesTrack.m */; };
		F4340F1CDBD0255BE1A6A3A5 /* main.m in Sources */ = {isa = PBXBuildFile; fileRef = 47DACC6ADE13256ED65D8FD4 /* main.m */; };
		F8DEDB260E612456ECB4F4BD /* AppDelegate.m in Sources */ = {isa = PBXBuildFile; fileRef = EF1A96CEE9263FEA74C3FC1C /* AppDelegate.m */; };
/* End PBXBuildFile section */

/* Begin PBXFileReference section */
		0B2FD3FDC79166761A2FAAB2 /* LegacyApp-Bridging-Header.h */ = {isa = PBXFileReference; lastKnownFileType = sourcecode.c.h; path = "LegacyApp-Bridging-Header.h"; sourceTree = "<group>"; };
		10BEBB4A3D098C8856D1613A /* FlutterScreenViewController.swift */ = {isa = PBXFileReference; lastKnownFileType = sourcecode.swift; path = FlutterScreenViewController.swift; sourceTree = "<group>"; };
		14285F0C11DCB60D47700C81 /* FormData.m */ = {isa = PBXFileReference; lastKnownFileType = sourcecode.c.objc; path = FormData.m; sourceTree = "<group>"; };
		19D36072572F81D464BD2E52 /* InputViewController.h */ = {isa = PBXFileReference; lastKnownFileType = sourcecode.c.h; path = InputViewController.h; sourceTree = "<group>"; };
		1C170EAAA05C265529D4DCEC /* ConfirmViewController.h */ = {isa = PBXFileReference; lastKnownFileType = sourcecode.c.h; path = ConfirmViewController.h; sourceTree = "<group>"; };
		2EC878EF7B5C684D948D58C5 /* NativeRouter.swift */ = {isa = PBXFileReference; lastKnownFileType = sourcecode.swift; path = NativeRouter.swift; sourceTree = "<group>"; };
		3306B788FB338D283C233E55 /* FlutterHost.swift */ = {isa = PBXFileReference; lastKnownFileType = sourcecode.swift; path = FlutterHost.swift; sourceTree = "<group>"; };
		34E440BA2146EDDB8F57CE43 /* MusicViewController.m */ = {isa = PBXFileReference; lastKnownFileType = sourcecode.c.objc; path = MusicViewController.m; sourceTree = "<group>"; };
		3CD02FF016638479FABF72A4 /* BaseViewController.m */ = {isa = PBXFileReference; lastKnownFileType = sourcecode.c.objc; path = BaseViewController.m; sourceTree = "<group>"; };
		408FE583B6B2AA4BE5C98F22 /* TrackTableViewCell.m */ = {isa = PBXFileReference; lastKnownFileType = sourcecode.c.objc; path = TrackTableViewCell.m; sourceTree = "<group>"; };
		47DACC6ADE13256ED65D8FD4 /* main.m */ = {isa = PBXFileReference; lastKnownFileType = sourcecode.c.objc; path = main.m; sourceTree = "<group>"; };
		4EC0277E2914560FF11F1DFC /* CompleteViewController.m */ = {isa = PBXFileReference; lastKnownFileType = sourcecode.c.objc; path = CompleteViewController.m; sourceTree = "<group>"; };
		50448BA1D9D163FF25E44FA3 /* LegacyApp.app */ = {isa = PBXFileReference; includeInIndex = 0; lastKnownFileType = wrapper.application; path = LegacyApp.app; sourceTree = BUILT_PRODUCTS_DIR; };
		56216691207C58856ED27C3E /* InputViewController.m */ = {isa = PBXFileReference; lastKnownFileType = sourcecode.c.objc; path = InputViewController.m; sourceTree = "<group>"; };
		620D3074E2E451E18CF33D85 /* FavoritesDatabase.h */ = {isa = PBXFileReference; lastKnownFileType = sourcecode.c.h; path = FavoritesDatabase.h; sourceTree = "<group>"; };
		6ABF887357E8D8191D6E0724 /* SceneDelegate.h */ = {isa = PBXFileReference; lastKnownFileType = sourcecode.c.h; path = SceneDelegate.h; sourceTree = "<group>"; };
		6E0E2E42163B199F88424D9D /* FavoritesStore.h */ = {isa = PBXFileReference; lastKnownFileType = sourcecode.c.h; path = FavoritesStore.h; sourceTree = "<group>"; };
		77D2053DA28BECA4FB7A88EE /* FlutterNativeIntegration */ = {isa = PBXFileReference; lastKnownFileType = folder; name = FlutterNativeIntegration; path = ../legacyapp_flutter/build/ios/SwiftPackages/FlutterNativeIntegration; sourceTree = SOURCE_ROOT; };
		7BC58799B13AE5139571F7DB /* ConfirmViewController.m */ = {isa = PBXFileReference; lastKnownFileType = sourcecode.c.objc; path = ConfirmViewController.m; sourceTree = "<group>"; };
		837DC4536FC10DEDA1459852 /* TrackDetailViewController.m */ = {isa = PBXFileReference; lastKnownFileType = sourcecode.c.objc; path = TrackDetailViewController.m; sourceTree = "<group>"; };
		83D512E47E347C6E8601F4B4 /* FormData.h */ = {isa = PBXFileReference; lastKnownFileType = sourcecode.c.h; path = FormData.h; sourceTree = "<group>"; };
		84B410C7F946AC366EB7D0BD /* ja */ = {isa = PBXFileReference; lastKnownFileType = text.plist.strings; name = ja; path = ja.lproj/Localizable.strings; sourceTree = "<group>"; };
		8B92C46A95C4373FE8FAC083 /* TrackTableViewCell.h */ = {isa = PBXFileReference; lastKnownFileType = sourcecode.c.h; path = TrackTableViewCell.h; sourceTree = "<group>"; };
		8F80F83393C68709E87143A2 /* Assets.xcassets */ = {isa = PBXFileReference; lastKnownFileType = folder.assetcatalog; path = Assets.xcassets; sourceTree = "<group>"; };
		A318F6D5545667050491A296 /* ArtworkLoader.h */ = {isa = PBXFileReference; lastKnownFileType = sourcecode.c.h; path = ArtworkLoader.h; sourceTree = "<group>"; };
		A3E9D5301E589408797E65C5 /* libsqlite3.tbd */ = {isa = PBXFileReference; lastKnownFileType = "sourcecode.text-based-dylib-definition"; name = libsqlite3.tbd; path = usr/lib/libsqlite3.tbd; sourceTree = SDKROOT; };
		B2C5832CEB3BB8509EA87419 /* ArtworkLoader.m */ = {isa = PBXFileReference; lastKnownFileType = sourcecode.c.objc; path = ArtworkLoader.m; sourceTree = "<group>"; };
		B3C6C794B847079E077AC6D1 /* en */ = {isa = PBXFileReference; lastKnownFileType = text.plist.strings; name = en; path = en.lproj/Localizable.strings; sourceTree = "<group>"; };
		BE274618D2AB783AEBC78A57 /* FavoritesStore.m */ = {isa = PBXFileReference; lastKnownFileType = sourcecode.c.objc; path = FavoritesStore.m; sourceTree = "<group>"; };
		C0C6D33A39EEA86789ACAEBE /* SceneDelegate.m */ = {isa = PBXFileReference; lastKnownFileType = sourcecode.c.objc; path = SceneDelegate.m; sourceTree = "<group>"; };
		C46FD178B60B32E803BCDEC1 /* AppDelegate.h */ = {isa = PBXFileReference; lastKnownFileType = sourcecode.c.h; path = AppDelegate.h; sourceTree = "<group>"; };
		C9D7C187CFD933BFA4DF71E0 /* ItunesTrack.m */ = {isa = PBXFileReference; lastKnownFileType = sourcecode.c.objc; path = ItunesTrack.m; sourceTree = "<group>"; };
		CB52D3F228D7A62F936F2912 /* FavoritesDatabase.m */ = {isa = PBXFileReference; lastKnownFileType = sourcecode.c.objc; path = FavoritesDatabase.m; sourceTree = "<group>"; };
		DE2119771A66A1DAA478E411 /* BaseViewController.h */ = {isa = PBXFileReference; lastKnownFileType = sourcecode.c.h; path = BaseViewController.h; sourceTree = "<group>"; };
		E7A2FEBFBEEB2A64BD26C82D /* MusicViewController.h */ = {isa = PBXFileReference; lastKnownFileType = sourcecode.c.h; path = MusicViewController.h; sourceTree = "<group>"; };
		EA8167F69382C1674BE75AD5 /* CompleteViewController.h */ = {isa = PBXFileReference; lastKnownFileType = sourcecode.c.h; path = CompleteViewController.h; sourceTree = "<group>"; };
		EF1A96CEE9263FEA74C3FC1C /* AppDelegate.m */ = {isa = PBXFileReference; lastKnownFileType = sourcecode.c.objc; path = AppDelegate.m; sourceTree = "<group>"; };
		F173B41FDF18376D8B24F0C3 /* ItunesTrack.h */ = {isa = PBXFileReference; lastKnownFileType = sourcecode.c.h; path = ItunesTrack.h; sourceTree = "<group>"; };
		F746365D6D51B232F67CE029 /* TrackDetailViewController.h */ = {isa = PBXFileReference; lastKnownFileType = sourcecode.c.h; path = TrackDetailViewController.h; sourceTree = "<group>"; };
		FC012CFE9773892EC1D434F1 /* NativeServices.swift */ = {isa = PBXFileReference; lastKnownFileType = sourcecode.swift; path = NativeServices.swift; sourceTree = "<group>"; };
/* End PBXFileReference section */

/* Begin PBXFrameworksBuildPhase section */
		94079FE719FD805B820A3796 /* Frameworks */ = {
			isa = PBXFrameworksBuildPhase;
			buildActionMask = 2147483647;
			files = (
				3CB566626EF3E9D24751DEFA /* libsqlite3.tbd in Frameworks */,
				15E0EF2CFB7772262A5A2CC3 /* FlutterNativeIntegration in Frameworks */,
			);
			runOnlyForDeploymentPostprocessing = 0;
		};
/* End PBXFrameworksBuildPhase section */

/* Begin PBXGroup section */
		21C1B94BA0F700BAB338310F /* Sources */ = {
			isa = PBXGroup;
			children = (
				C46FD178B60B32E803BCDEC1 /* AppDelegate.h */,
				EF1A96CEE9263FEA74C3FC1C /* AppDelegate.m */,
				A318F6D5545667050491A296 /* ArtworkLoader.h */,
				B2C5832CEB3BB8509EA87419 /* ArtworkLoader.m */,
				DE2119771A66A1DAA478E411 /* BaseViewController.h */,
				3CD02FF016638479FABF72A4 /* BaseViewController.m */,
				EA8167F69382C1674BE75AD5 /* CompleteViewController.h */,
				4EC0277E2914560FF11F1DFC /* CompleteViewController.m */,
				1C170EAAA05C265529D4DCEC /* ConfirmViewController.h */,
				7BC58799B13AE5139571F7DB /* ConfirmViewController.m */,
				620D3074E2E451E18CF33D85 /* FavoritesDatabase.h */,
				CB52D3F228D7A62F936F2912 /* FavoritesDatabase.m */,
				6E0E2E42163B199F88424D9D /* FavoritesStore.h */,
				BE274618D2AB783AEBC78A57 /* FavoritesStore.m */,
				3306B788FB338D283C233E55 /* FlutterHost.swift */,
				10BEBB4A3D098C8856D1613A /* FlutterScreenViewController.swift */,
				83D512E47E347C6E8601F4B4 /* FormData.h */,
				14285F0C11DCB60D47700C81 /* FormData.m */,
				19D36072572F81D464BD2E52 /* InputViewController.h */,
				56216691207C58856ED27C3E /* InputViewController.m */,
				F173B41FDF18376D8B24F0C3 /* ItunesTrack.h */,
				C9D7C187CFD933BFA4DF71E0 /* ItunesTrack.m */,
				0B2FD3FDC79166761A2FAAB2 /* LegacyApp-Bridging-Header.h */,
				47DACC6ADE13256ED65D8FD4 /* main.m */,
				E7A2FEBFBEEB2A64BD26C82D /* MusicViewController.h */,
				34E440BA2146EDDB8F57CE43 /* MusicViewController.m */,
				2EC878EF7B5C684D948D58C5 /* NativeRouter.swift */,
				FC012CFE9773892EC1D434F1 /* NativeServices.swift */,
				6ABF887357E8D8191D6E0724 /* SceneDelegate.h */,
				C0C6D33A39EEA86789ACAEBE /* SceneDelegate.m */,
				F746365D6D51B232F67CE029 /* TrackDetailViewController.h */,
				837DC4536FC10DEDA1459852 /* TrackDetailViewController.m */,
				8B92C46A95C4373FE8FAC083 /* TrackTableViewCell.h */,
				408FE583B6B2AA4BE5C98F22 /* TrackTableViewCell.m */,
			);
			name = Sources;
			path = LegacyApp/Sources;
			sourceTree = "<group>";
		};
		40E2C0BD5A0070B94CD5A46C /* Frameworks */ = {
			isa = PBXGroup;
			children = (
				A3E9D5301E589408797E65C5 /* libsqlite3.tbd */,
			);
			name = Frameworks;
			sourceTree = "<group>";
		};
		45FC789706F088E687616A8B /* Packages */ = {
			isa = PBXGroup;
			children = (
				77D2053DA28BECA4FB7A88EE /* FlutterNativeIntegration */,
			);
			name = Packages;
			sourceTree = "<group>";
		};
		7708B1989666813A10C9D224 /* Resources */ = {
			isa = PBXGroup;
			children = (
				8F80F83393C68709E87143A2 /* Assets.xcassets */,
				86C2D4CB20A6DA86CAC2E039 /* Localizable.strings */,
			);
			name = Resources;
			path = LegacyApp/Resources;
			sourceTree = "<group>";
		};
		99F578CAAF94E2014EC90FEC = {
			isa = PBXGroup;
			children = (
				45FC789706F088E687616A8B /* Packages */,
				7708B1989666813A10C9D224 /* Resources */,
				21C1B94BA0F700BAB338310F /* Sources */,
				40E2C0BD5A0070B94CD5A46C /* Frameworks */,
				DC721021C97543D5DC94D0E1 /* Products */,
			);
			sourceTree = "<group>";
		};
		DC721021C97543D5DC94D0E1 /* Products */ = {
			isa = PBXGroup;
			children = (
				50448BA1D9D163FF25E44FA3 /* LegacyApp.app */,
			);
			name = Products;
			sourceTree = "<group>";
		};
/* End PBXGroup section */

/* Begin PBXNativeTarget section */
		401620B86336C368F014F4AF /* LegacyApp */ = {
			isa = PBXNativeTarget;
			buildConfigurationList = 968739CA8A8D655CFBAA73ED /* Build configuration list for PBXNativeTarget "LegacyApp" */;
			buildPhases = (
				27209C1A69CC003B2C583B45 /* Sources */,
				703F37E057E67BCF73FBDAE4 /* [Flutter] assemble */,
				6A864511787BC449FA698FF1 /* Resources */,
				94079FE719FD805B820A3796 /* Frameworks */,
			);
			buildRules = (
			);
			dependencies = (
			);
			name = LegacyApp;
			packageProductDependencies = (
				B6003D62DCACF48C9037D1CF /* FlutterNativeIntegration */,
			);
			productName = LegacyApp;
			productReference = 50448BA1D9D163FF25E44FA3 /* LegacyApp.app */;
			productType = "com.apple.product-type.application";
		};
/* End PBXNativeTarget section */

/* Begin PBXProject section */
		4B78CD35F541609461CF88FB /* Project object */ = {
			isa = PBXProject;
			attributes = {
				BuildIndependentTargetsInParallel = YES;
				LastUpgradeCheck = 1430;
				TargetAttributes = {
				};
			};
			buildConfigurationList = 2B5F2119018F983B4F5504BF /* Build configuration list for PBXProject "LegacyApp" */;
			developmentRegion = ja;
			hasScannedForEncodings = 0;
			knownRegions = (
				Base,
				en,
				ja,
			);
			mainGroup = 99F578CAAF94E2014EC90FEC;
			minimizedProjectReferenceProxies = 1;
			packageReferences = (
				AE51A0C6F8019A569F6212B1 /* XCLocalSwiftPackageReference "../legacyapp_flutter/build/ios/SwiftPackages/FlutterNativeIntegration" */,
			);
			preferredProjectObjectVersion = 77;
			productRefGroup = DC721021C97543D5DC94D0E1 /* Products */;
			projectDirPath = "";
			projectRoot = "";
			targets = (
				401620B86336C368F014F4AF /* LegacyApp */,
			);
		};
/* End PBXProject section */

/* Begin PBXResourcesBuildPhase section */
		6A864511787BC449FA698FF1 /* Resources */ = {
			isa = PBXResourcesBuildPhase;
			buildActionMask = 2147483647;
			files = (
				3348C475BB51B843F1070287 /* Assets.xcassets in Resources */,
				58025F7CE9BBDF26AEE847A8 /* Localizable.strings in Resources */,
			);
			runOnlyForDeploymentPostprocessing = 0;
		};
/* End PBXResourcesBuildPhase section */

/* Begin PBXShellScriptBuildPhase section */
		703F37E057E67BCF73FBDAE4 /* [Flutter] assemble */ = {
			isa = PBXShellScriptBuildPhase;
			alwaysOutOfDate = 1;
			buildActionMask = 2147483647;
			files = (
			);
			inputFileListPaths = (
				"$(FLUTTER_SWIFT_PACKAGE_OUTPUT)/Scripts/FlutterAssembleInputs.xcfilelist",
			);
			inputPaths = (
			);
			name = "[Flutter] assemble";
			outputFileListPaths = (
			);
			outputPaths = (
			);
			runOnlyForDeploymentPostprocessing = 0;
			shellPath = /bin/sh;
			shellScript = "/bin/sh \"$FLUTTER_SWIFT_PACKAGE_OUTPUT/Scripts/flutter_integration.sh\" assemble";
		};
/* End PBXShellScriptBuildPhase section */

/* Begin PBXSourcesBuildPhase section */
		27209C1A69CC003B2C583B45 /* Sources */ = {
			isa = PBXSourcesBuildPhase;
			buildActionMask = 2147483647;
			files = (
				F8DEDB260E612456ECB4F4BD /* AppDelegate.m in Sources */,
				AB5B7EA704BBE74754468F25 /* ArtworkLoader.m in Sources */,
				108C755D7DC8BB570ACEDBD6 /* BaseViewController.m in Sources */,
				04EB9F6D3720709A03933ADC /* CompleteViewController.m in Sources */,
				249EFC3735BB1FD618F4D9E3 /* ConfirmViewController.m in Sources */,
				3D3FF094F594DAFB52674EC4 /* FavoritesDatabase.m in Sources */,
				3E789D5B26553A9A87D9F810 /* FavoritesStore.m in Sources */,
				1074F902A70CF63F7147099E /* FlutterHost.swift in Sources */,
				3C55DD5AA2FD25F1344292DC /* FlutterScreenViewController.swift in Sources */,
				59B784FDBD0B5514721D9EF9 /* FormData.m in Sources */,
				425F59F025702BDEEB667273 /* InputViewController.m in Sources */,
				DB675B883D9FD91CA1F162BA /* ItunesTrack.m in Sources */,
				3B43E73240E57BC4A503FA4B /* MusicViewController.m in Sources */,
				594FE13879C612C5FBE43B0F /* NativeRouter.swift in Sources */,
				DB4F5042976E3091E77E28E4 /* NativeServices.swift in Sources */,
				98C581105D58D2CEF6BE57C8 /* SceneDelegate.m in Sources */,
				5CF3D60B82590575CE306265 /* TrackDetailViewController.m in Sources */,
				513E617B58E5B5527B636A17 /* TrackTableViewCell.m in Sources */,
				F4340F1CDBD0255BE1A6A3A5 /* main.m in Sources */,
			);
			runOnlyForDeploymentPostprocessing = 0;
		};
/* End PBXSourcesBuildPhase section */

/* Begin PBXVariantGroup section */
		86C2D4CB20A6DA86CAC2E039 /* Localizable.strings */ = {
			isa = PBXVariantGroup;
			children = (
				B3C6C794B847079E077AC6D1 /* en */,
				84B410C7F946AC366EB7D0BD /* ja */,
			);
			name = Localizable.strings;
			sourceTree = "<group>";
		};
/* End PBXVariantGroup section */

/* Begin XCBuildConfiguration section */
		8473383DDCDEB7E458D460CA /* Debug */ = {
			isa = XCBuildConfiguration;
			buildSettings = {
				ALWAYS_EMBED_SWIFT_STANDARD_LIBRARIES = YES;
				ASSETCATALOG_COMPILER_APPICON_NAME = "";
				CLANG_ENABLE_OBJC_ARC = YES;
				CODE_SIGN_IDENTITY = "iPhone Developer";
				CURRENT_PROJECT_VERSION = 1;
				ENABLE_USER_SCRIPT_SANDBOXING = NO;
				FLUTTER_APPLICATION_PATH = "$(SRCROOT)/../legacyapp_flutter";
				FLUTTER_SWIFT_PACKAGE_OUTPUT = "$(SRCROOT)/../legacyapp_flutter/build/ios/SwiftPackages";
				GENERATE_INFOPLIST_FILE = YES;
				INFOPLIST_FILE = "Generated-Info.plist";
				LD_RUNPATH_SEARCH_PATHS = (
					"$(inherited)",
					"@executable_path/Frameworks",
				);
				MARKETING_VERSION = 1.0;
				PRODUCT_BUNDLE_IDENTIFIER = com.example.legacyapp;
				SDKROOT = iphoneos;
				SWIFT_INSTALL_OBJC_HEADER = YES;
				SWIFT_OBJC_BRIDGING_HEADER = "LegacyApp/Sources/LegacyApp-Bridging-Header.h";
				SWIFT_OBJC_INTERFACE_HEADER_NAME = "LegacyApp-Swift.h";
				SWIFT_VERSION = 5.0;
				TARGETED_DEVICE_FAMILY = "1,2";
			};
			name = Debug;
		};
		879768658600B502B95333D9 /* Release */ = {
			isa = XCBuildConfiguration;
			buildSettings = {
				ALWAYS_EMBED_SWIFT_STANDARD_LIBRARIES = YES;
				ASSETCATALOG_COMPILER_APPICON_NAME = "";
				CLANG_ENABLE_OBJC_ARC = YES;
				CODE_SIGN_IDENTITY = "iPhone Developer";
				CURRENT_PROJECT_VERSION = 1;
				ENABLE_USER_SCRIPT_SANDBOXING = NO;
				FLUTTER_APPLICATION_PATH = "$(SRCROOT)/../legacyapp_flutter";
				FLUTTER_SWIFT_PACKAGE_OUTPUT = "$(SRCROOT)/../legacyapp_flutter/build/ios/SwiftPackages";
				GENERATE_INFOPLIST_FILE = YES;
				INFOPLIST_FILE = "Generated-Info.plist";
				LD_RUNPATH_SEARCH_PATHS = (
					"$(inherited)",
					"@executable_path/Frameworks",
				);
				MARKETING_VERSION = 1.0;
				PRODUCT_BUNDLE_IDENTIFIER = com.example.legacyapp;
				SDKROOT = iphoneos;
				SWIFT_INSTALL_OBJC_HEADER = YES;
				SWIFT_OBJC_BRIDGING_HEADER = "LegacyApp/Sources/LegacyApp-Bridging-Header.h";
				SWIFT_OBJC_INTERFACE_HEADER_NAME = "LegacyApp-Swift.h";
				SWIFT_VERSION = 5.0;
				TARGETED_DEVICE_FAMILY = "1,2";
			};
			name = Release;
		};
		987EB8CA7B7099A9BE0031CB /* Release */ = {
			isa = XCBuildConfiguration;
			buildSettings = {
				ALWAYS_SEARCH_USER_PATHS = NO;
				CLANG_ANALYZER_NONNULL = YES;
				CLANG_ANALYZER_NUMBER_OBJECT_CONVERSION = YES_AGGRESSIVE;
				CLANG_CXX_LANGUAGE_STANDARD = "gnu++14";
				CLANG_CXX_LIBRARY = "libc++";
				CLANG_ENABLE_MODULES = YES;
				CLANG_ENABLE_OBJC_ARC = YES;
				CLANG_ENABLE_OBJC_WEAK = YES;
				CLANG_WARN_BLOCK_CAPTURE_AUTORELEASING = YES;
				CLANG_WARN_BOOL_CONVERSION = YES;
				CLANG_WARN_COMMA = YES;
				CLANG_WARN_CONSTANT_CONVERSION = YES;
				CLANG_WARN_DEPRECATED_OBJC_IMPLEMENTATIONS = YES;
				CLANG_WARN_DIRECT_OBJC_ISA_USAGE = YES_ERROR;
				CLANG_WARN_DOCUMENTATION_COMMENTS = YES;
				CLANG_WARN_EMPTY_BODY = YES;
				CLANG_WARN_ENUM_CONVERSION = YES;
				CLANG_WARN_INFINITE_RECURSION = YES;
				CLANG_WARN_INT_CONVERSION = YES;
				CLANG_WARN_NON_LITERAL_NULL_CONVERSION = YES;
				CLANG_WARN_OBJC_IMPLICIT_RETAIN_SELF = YES;
				CLANG_WARN_OBJC_LITERAL_CONVERSION = YES;
				CLANG_WARN_OBJC_ROOT_CLASS = YES_ERROR;
				CLANG_WARN_QUOTED_INCLUDE_IN_FRAMEWORK_HEADER = YES;
				CLANG_WARN_RANGE_LOOP_ANALYSIS = YES;
				CLANG_WARN_STRICT_PROTOTYPES = YES;
				CLANG_WARN_SUSPICIOUS_MOVE = YES;
				CLANG_WARN_UNGUARDED_AVAILABILITY = YES_AGGRESSIVE;
				CLANG_WARN_UNREACHABLE_CODE = YES;
				CLANG_WARN__DUPLICATE_METHOD_MATCH = YES;
				COPY_PHASE_STRIP = NO;
				DEBUG_INFORMATION_FORMAT = "dwarf-with-dsym";
				ENABLE_NS_ASSERTIONS = NO;
				ENABLE_STRICT_OBJC_MSGSEND = YES;
				GCC_C_LANGUAGE_STANDARD = gnu11;
				GCC_NO_COMMON_BLOCKS = YES;
				GCC_WARN_64_TO_32_BIT_CONVERSION = YES;
				GCC_WARN_ABOUT_RETURN_TYPE = YES_ERROR;
				GCC_WARN_UNDECLARED_SELECTOR = YES;
				GCC_WARN_UNINITIALIZED_AUTOS = YES_AGGRESSIVE;
				GCC_WARN_UNUSED_FUNCTION = YES;
				GCC_WARN_UNUSED_VARIABLE = YES;
				IPHONEOS_DEPLOYMENT_TARGET = 16.0;
				MTL_ENABLE_DEBUG_INFO = NO;
				MTL_FAST_MATH = YES;
				PRODUCT_NAME = "$(TARGET_NAME)";
				SDKROOT = iphoneos;
				SWIFT_COMPILATION_MODE = wholemodule;
				SWIFT_OPTIMIZATION_LEVEL = "-O";
				SWIFT_VERSION = 5.0;
			};
			name = Release;
		};
		F186C8960AB12893B9D62C1F /* Debug */ = {
			isa = XCBuildConfiguration;
			buildSettings = {
				ALWAYS_SEARCH_USER_PATHS = NO;
				CLANG_ANALYZER_NONNULL = YES;
				CLANG_ANALYZER_NUMBER_OBJECT_CONVERSION = YES_AGGRESSIVE;
				CLANG_CXX_LANGUAGE_STANDARD = "gnu++14";
				CLANG_CXX_LIBRARY = "libc++";
				CLANG_ENABLE_MODULES = YES;
				CLANG_ENABLE_OBJC_ARC = YES;
				CLANG_ENABLE_OBJC_WEAK = YES;
				CLANG_WARN_BLOCK_CAPTURE_AUTORELEASING = YES;
				CLANG_WARN_BOOL_CONVERSION = YES;
				CLANG_WARN_COMMA = YES;
				CLANG_WARN_CONSTANT_CONVERSION = YES;
				CLANG_WARN_DEPRECATED_OBJC_IMPLEMENTATIONS = YES;
				CLANG_WARN_DIRECT_OBJC_ISA_USAGE = YES_ERROR;
				CLANG_WARN_DOCUMENTATION_COMMENTS = YES;
				CLANG_WARN_EMPTY_BODY = YES;
				CLANG_WARN_ENUM_CONVERSION = YES;
				CLANG_WARN_INFINITE_RECURSION = YES;
				CLANG_WARN_INT_CONVERSION = YES;
				CLANG_WARN_NON_LITERAL_NULL_CONVERSION = YES;
				CLANG_WARN_OBJC_IMPLICIT_RETAIN_SELF = YES;
				CLANG_WARN_OBJC_LITERAL_CONVERSION = YES;
				CLANG_WARN_OBJC_ROOT_CLASS = YES_ERROR;
				CLANG_WARN_QUOTED_INCLUDE_IN_FRAMEWORK_HEADER = YES;
				CLANG_WARN_RANGE_LOOP_ANALYSIS = YES;
				CLANG_WARN_STRICT_PROTOTYPES = YES;
				CLANG_WARN_SUSPICIOUS_MOVE = YES;
				CLANG_WARN_UNGUARDED_AVAILABILITY = YES_AGGRESSIVE;
				CLANG_WARN_UNREACHABLE_CODE = YES;
				CLANG_WARN__DUPLICATE_METHOD_MATCH = YES;
				COPY_PHASE_STRIP = NO;
				DEBUG_INFORMATION_FORMAT = dwarf;
				ENABLE_STRICT_OBJC_MSGSEND = YES;
				ENABLE_TESTABILITY = YES;
				GCC_C_LANGUAGE_STANDARD = gnu11;
				GCC_DYNAMIC_NO_PIC = NO;
				GCC_NO_COMMON_BLOCKS = YES;
				GCC_OPTIMIZATION_LEVEL = 0;
				GCC_PREPROCESSOR_DEFINITIONS = (
					"$(inherited)",
					"DEBUG=1",
				);
				GCC_WARN_64_TO_32_BIT_CONVERSION = YES;
				GCC_WARN_ABOUT_RETURN_TYPE = YES_ERROR;
				GCC_WARN_UNDECLARED_SELECTOR = YES;
				GCC_WARN_UNINITIALIZED_AUTOS = YES_AGGRESSIVE;
				GCC_WARN_UNUSED_FUNCTION = YES;
				GCC_WARN_UNUSED_VARIABLE = YES;
				IPHONEOS_DEPLOYMENT_TARGET = 16.0;
				MTL_ENABLE_DEBUG_INFO = INCLUDE_SOURCE;
				MTL_FAST_MATH = YES;
				ONLY_ACTIVE_ARCH = YES;
				PRODUCT_NAME = "$(TARGET_NAME)";
				SDKROOT = iphoneos;
				SWIFT_ACTIVE_COMPILATION_CONDITIONS = DEBUG;
				SWIFT_OPTIMIZATION_LEVEL = "-Onone";
				SWIFT_VERSION = 5.0;
			};
			name = Debug;
		};
/* End XCBuildConfiguration section */

/* Begin XCConfigurationList section */
		2B5F2119018F983B4F5504BF /* Build configuration list for PBXProject "LegacyApp" */ = {
			isa = XCConfigurationList;
			buildConfigurations = (
				F186C8960AB12893B9D62C1F /* Debug */,
				987EB8CA7B7099A9BE0031CB /* Release */,
			);
			defaultConfigurationIsVisible = 0;
			defaultConfigurationName = Debug;
		};
		968739CA8A8D655CFBAA73ED /* Build configuration list for PBXNativeTarget "LegacyApp" */ = {
			isa = XCConfigurationList;
			buildConfigurations = (
				8473383DDCDEB7E458D460CA /* Debug */,
				879768658600B502B95333D9 /* Release */,
			);
			defaultConfigurationIsVisible = 0;
			defaultConfigurationName = Debug;
		};
/* End XCConfigurationList section */

/* Begin XCLocalSwiftPackageReference section */
		AE51A0C6F8019A569F6212B1 /* XCLocalSwiftPackageReference "../legacyapp_flutter/build/ios/SwiftPackages/FlutterNativeIntegration" */ = {
			isa = XCLocalSwiftPackageReference;
			relativePath = ../legacyapp_flutter/build/ios/SwiftPackages/FlutterNativeIntegration;
		};
/* End XCLocalSwiftPackageReference section */

/* Begin XCSwiftPackageProductDependency section */
		B6003D62DCACF48C9037D1CF /* FlutterNativeIntegration */ = {
			isa = XCSwiftPackageProductDependency;
			productName = FlutterNativeIntegration;
		};
/* End XCSwiftPackageProductDependency section */
	};
	rootObject = 4B78CD35F541609461CF88FB /* Project object */;
}
